
Microsoft Visual Studio Solution File, Format Version 12.00
# Visual Studio Version 16
VisualStudioVersion = 16.0.31515.178
MinimumVisualStudioVersion = 10.0.40219.1
Project("{FAE04EC0-301F-11D3-BF4B-00C04F79EFBC}") = "Youtube_Website", "Youtube_Website\Youtube_Website.csproj", "{A911EA00-7AEA-48A5-B3A2-12A72CB4933C}"
EndProject
Global
	GlobalSection(SolutionConfigurationPlatforms) = preSolution
		Debug|Any CPU = Debug|Any CPU
		Release|Any CPU = Release|Any CPU
	EndGlobalSection
	GlobalSection(ProjectConfigurationPlatforms) = postSolution
		{A911EA00-7AEA-48A5-B3A2-12A72CB4933C}.Debug|Any CPU.ActiveCfg = Debug|Any CPU
		{A911EA00-7AEA-48A5-B3A2-12A72CB4933C}.Debug|Any CPU.Build.0 = Debug|Any CPU
		{A911EA00-7AEA-48A5-B3A2-12A72CB4933C}.Release|Any CPU.ActiveCfg = Release|Any CPU
		{A911EA00-7AEA-48A5-B3A2-12A72CB4933C}.Release|Any CPU.Build.0 = Release|Any CPU
	EndGlobalSection
	GlobalSection(SolutionProperties) = preSolution
		HideSolutionNode = FALSE
	EndGlobalSection
	GlobalSection(ExtensibilityGlobals) = postSolution
		SolutionGuid = {CDBF583C-12F8-45A0-9525-5BF99E0D9E81}
	EndGlobalSection
EndGlobal
